
Microsoft Visual Studio Solution File, Format Version 12.00
# Visual Studio 2012
Project("{8BC9CEB8-8B4A-11D0-8D11-00A0C91BC942}") = "PointerToFunction", "PointerToFunction.vcxproj", "{943CDC13-6B65-432C-A101-E31EDA6AB51E}"
EndProject
Global
	GlobalSection(SolutionConfigurationPlatforms) = preSolution
		Debug|Win32 = Debug|Win32
		Release|Win32 = Release|Win32
	EndGlobalSection
	GlobalSection(ProjectConfigurationPlatforms) = postSolution
		{943CDC13-6B65-432C-A101-E31EDA6AB51E}.Debug|Win32.ActiveCfg = Debug|Win32
		{943CDC13-6B65-432C-A101-E31EDA6AB51E}.Debug|Win32.Build.0 = Debug|Win32
		{943CDC13-6B65-432C-A101-E31EDA6AB51E}.Release|Win32.ActiveCfg = Release|Win32
		{943CDC13-6B65-432C-A101-E31EDA6AB51E}.Release|Win32.Build.0 = Release|Win32
	EndGlobalSection
	GlobalSection(SolutionProperties) = preSolution
		HideSolutionNode = FALSE
	EndGlobalSection
EndGlobal
