
Microsoft Visual Studio Solution File, Format Version 12.00
# Visual Studio 15
VisualStudioVersion = 15.0.28010.2048
MinimumVisualStudioVersion = 10.0.40219.1
Project("{8BC9CEB8-8B4A-11D0-8D11-00A0C91BC942}") = "Test4096", "Test4096\Test4096.vcxproj", "{4990EFA6-E87D-47E6-BB50-A00A418FD8EE}"
EndProject
Global
	GlobalSection(SolutionConfigurationPlatforms) = preSolution
		Debug|x64 = Debug|x64
		Debug|x86 = Debug|x86
		Release|x64 = Release|x64
		Release|x86 = Release|x86
	EndGlobalSection
	GlobalSection(ProjectConfigurationPlatforms) = postSolution
		{4990EFA6-E87D-47E6-BB50-A00A418FD8EE}.Debug|x64.ActiveCfg = Debug|x64
		{4990EFA6-E87D-47E6-BB50-A00A418FD8EE}.Debug|x64.Build.0 = Debug|x64
		{4990EFA6-E87D-47E6-BB50-A00A418FD8EE}.Debug|x86.ActiveCfg = Debug|Win32
		{4990EFA6-E87D-47E6-BB50-A00A418FD8EE}.Debug|x86.Build.0 = Debug|Win32
		{4990EFA6-E87D-47E6-BB50-A00A418FD8EE}.Release|x64.ActiveCfg = Release|x64
		{4990EFA6-E87D-47E6-BB50-A00A418FD8EE}.Release|x64.Build.0 = Release|x64
		{4990EFA6-E87D-47E6-BB50-A00A418FD8EE}.Release|x86.ActiveCfg = Release|Win32
		{4990EFA6-E87D-47E6-BB50-A00A418FD8EE}.Release|x86.Build.0 = Release|Win32
	EndGlobalSection
	GlobalSection(SolutionProperties) = preSolution
		HideSolutionNode = FALSE
	EndGlobalSection
	GlobalSection(ExtensibilityGlobals) = postSolution
		SolutionGuid = {FA36EE44-D86C-4224-BB1F-9446827DFF5A}
	EndGlobalSection
EndGlobal
