
Microsoft Visual Studio Solution File, Format Version 12.00
# Visual Studio 2012
Project("{8BC9CEB8-8B4A-11D0-8D11-00A0C91BC942}") = "TestStringCopy", "TestStringCopy.vcxproj", "{EEFB850D-5A9C-489D-ADDA-4AFD0D4E6FA6}"
EndProject
Global
	GlobalSection(SolutionConfigurationPlatforms) = preSolution
		Debug|Win32 = Debug|Win32
		Release|Win32 = Release|Win32
	EndGlobalSection
	GlobalSection(ProjectConfigurationPlatforms) = postSolution
		{EEFB850D-5A9C-489D-ADDA-4AFD0D4E6FA6}.Debug|Win32.ActiveCfg = Debug|Win32
		{EEFB850D-5A9C-489D-ADDA-4AFD0D4E6FA6}.Debug|Win32.Build.0 = Debug|Win32
		{EEFB850D-5A9C-489D-ADDA-4AFD0D4E6FA6}.Release|Win32.ActiveCfg = Release|Win32
		{EEFB850D-5A9C-489D-ADDA-4AFD0D4E6FA6}.Release|Win32.Build.0 = Release|Win32
	EndGlobalSection
	GlobalSection(SolutionProperties) = preSolution
		HideSolutionNode = FALSE
	EndGlobalSection
EndGlobal
